{
    "_meta": {
        "hash": {
            "sha256": "ea58f392ae9d1362db20384953e0ee0fd0029f4e8692bacf513708eced341a87"
        },
        "pipfile-spec": 6,
        "requires": {
            "python_version": "3.11"
        },
        "sources": [
            {
                "name": "pypi",
                "url": "https://pypi.org/simple",
                "verify_ssl": true
            }
        ]
    },
    "default": {
        "aiohttp": {
            "hashes": [
                "sha256:02f9a2c72fc95d59b881cf38a4b2be9381b9527f9d328771e90f72ac76f31ad8",
                "sha256:059a91e88f2c00fe40aed9031b3606c3f311414f86a90d696dd982e7aec48142",
                "sha256:05a3c31c6d7cd08c149e50dc7aa2568317f5844acd745621983380597f027a18",
                "sha256:08c78317e950e0762c2983f4dd58dc5e6c9ff75c8a0efeae299d363d439c8e34",
                "sha256:09e28f572b21642128ef31f4e8372adb6888846f32fecb288c8b0457597ba61a",
                "sha256:0d2c6d8c6872df4a6ec37d2ede71eff62395b9e337b4e18efd2177de883a5033",
                "sha256:16c121ba0b1ec2b44b73e3a8a171c4f999b33929cd2397124a8c7fcfc8cd9e06",
                "sha256:1d90043c1882067f1bd26196d5d2db9aa6d268def3293ed5fb317e13c9413ea4",
                "sha256:1e56b9cafcd6531bab5d9b2e890bb4937f4165109fe98e2b98ef0dcfcb06ee9d",
                "sha256:20acae4f268317bb975671e375493dbdbc67cddb5f6c71eebdb85b34444ac46b",
                "sha256:21b30885a63c3f4ff5b77a5d6caf008b037cb521a5f33eab445dc566f6d092cc",
                "sha256:21d69797eb951f155026651f7e9362877334508d39c2fc37bd04ff55b2007091",
                "sha256:256deb4b29fe5e47893fa32e1de2d73c3afe7407738bd3c63829874661d4822d",
                "sha256:25892c92bee6d9449ffac82c2fe257f3a6f297792cdb18ad784737d61e7a9a85",
                "sha256:2ca9af5f8f5812d475c5259393f52d712f6d5f0d7fdad9acdb1107dd9e3cb7eb",
                "sha256:2d252771fc85e0cf8da0b823157962d70639e63cb9b578b1dec9868dd1f4f937",
                "sha256:2dea10edfa1a54098703cb7acaa665c07b4e7568472a47f4e64e6319d3821ccf",
                "sha256:2df5f139233060578d8c2c975128fb231a89ca0a462b35d4b5fcf7c501ebdbe1",
                "sha256:2feebbb6074cdbd1ac276dbd737b40e890a1361b3cc30b74ac2f5e24aab41f7b",
                "sha256:309aa21c1d54b8ef0723181d430347d7452daaff93e8e2363db8e75c72c2fb2d",
                "sha256:3828fb41b7203176b82fe5d699e0d845435f2374750a44b480ea6b930f6be269",
                "sha256:398701865e7a9565d49189f6c90868efaca21be65c725fc87fc305906be915da",
                "sha256:43046a319664a04b146f81b40e1545d4c8ac7b7dd04c47e40bf09f65f2437346",
                "sha256:437399385f2abcd634865705bdc180c8314124b98299d54fe1d4c8990f2f9494",
                "sha256:45d88b016c849d74ebc6f2b6e8bc17cabf26e7e40c0661ddd8fae4c00f015697",
                "sha256:47841407cc89a4b80b0c52276f3cc8138bbbfba4b179ee3acbd7d77ae33f7ac4",
                "sha256:4a4fbc769ea9b6bd97f4ad0b430a6807f92f0e5eb020f1e42ece59f3ecfc4585",
                "sha256:4ab94426ddb1ecc6a0b601d832d5d9d421820989b8caa929114811369673235c",
                "sha256:4b0f30372cef3fdc262f33d06e7b411cd59058ce9174ef159ad938c4a34a89da",
                "sha256:4e3a23ec214e95c9fe85a58470b660efe6534b83e6cbe38b3ed52b053d7cb6ad",
                "sha256:512bd5ab136b8dc0ffe3fdf2dfb0c4b4f49c8577f6cae55dca862cd37a4564e2",
                "sha256:527b3b87b24844ea7865284aabfab08eb0faf599b385b03c2aa91fc6edd6e4b6",
                "sha256:54d107c89a3ebcd13228278d68f1436d3f33f2dd2af5415e3feaeb1156e1a62c",
                "sha256:5835f258ca9f7c455493a57ee707b76d2d9634d84d5d7f62e77be984ea80b849",
                "sha256:598adde339d2cf7d67beaccda3f2ce7c57b3b412702f29c946708f69cf8222aa",
                "sha256:599418aaaf88a6d02a8c515e656f6faf3d10618d3dd95866eb4436520096c84b",
                "sha256:5bf651afd22d5f0c4be16cf39d0482ea494f5c88f03e75e5fef3a85177fecdeb",
                "sha256:5c59fcd80b9049b49acd29bd3598cada4afc8d8d69bd4160cd613246912535d7",
                "sha256:653acc3880459f82a65e27bd6526e47ddf19e643457d36a2250b85b41a564715",
                "sha256:66bd5f950344fb2b3dbdd421aaa4e84f4411a1a13fca3aeb2bcbe667f80c9f76",
                "sha256:6f3553510abdbec67c043ca85727396ceed1272eef029b050677046d3387be8d",
                "sha256:7018ecc5fe97027214556afbc7c502fbd718d0740e87eb1217b17efd05b3d276",
                "sha256:713d22cd9643ba9025d33c4af43943c7a1eb8547729228de18d3e02e278472b6",
                "sha256:73a4131962e6d91109bca6536416aa067cf6c4efb871975df734f8d2fd821b37",
                "sha256:75880ed07be39beff1881d81e4a907cafb802f306efd6d2d15f2b3c69935f6fb",
                "sha256:75e14eac916f024305db517e00a9252714fce0abcb10ad327fb6dcdc0d060f1d",
                "sha256:8135fa153a20d82ffb64f70a1b5c2738684afa197839b34cc3e3c72fa88d302c",
                "sha256:84b14f36e85295fe69c6b9789b51a0903b774046d5f7df538176516c3e422446",
                "sha256:86fc24e58ecb32aee09f864cb11bb91bc4c1086615001647dbfc4dc8c32f4008",
                "sha256:87f44875f2804bc0511a69ce44a9595d5944837a62caecc8490bbdb0e18b1342",
                "sha256:88c70ed9da9963d5496d38320160e8eb7e5f1886f9290475a881db12f351ab5d",
                "sha256:88e5be56c231981428f4f506c68b6a46fa25c4123a2e86d156c58a8369d31ab7",
                "sha256:89d2e02167fa95172c017732ed7725bc8523c598757f08d13c5acca308e1a061",
                "sha256:8d6aaa4e7155afaf994d7924eb290abbe81a6905b303d8cb61310a2aba1c68ba",
                "sha256:92a2964319d359f494f16011e23434f6f8ef0434acd3cf154a6b7bec511e2fb7",
                "sha256:96372fc29471646b9b106ee918c8eeb4cca423fcbf9a34daa1b93767a88a2290",
                "sha256:978b046ca728073070e9abc074b6299ebf3501e8dee5e26efacb13cec2b2dea0",
                "sha256:9c7149272fb5834fc186328e2c1fa01dda3e1fa940ce18fded6d412e8f2cf76d",
                "sha256:a0239da9fbafd9ff82fd67c16704a7d1bccf0d107a300e790587ad05547681c8",
                "sha256:ad5383a67514e8e76906a06741febd9126fc7c7ff0f599d6fcce3e82b80d026f",
                "sha256:ad61a9639792fd790523ba072c0555cd6be5a0baf03a49a5dd8cfcf20d56df48",
                "sha256:b29bfd650ed8e148f9c515474a6ef0ba1090b7a8faeee26b74a8ff3b33617502",
                "sha256:b97decbb3372d4b69e4d4c8117f44632551c692bb1361b356a02b97b69e18a62",
                "sha256:ba71c9b4dcbb16212f334126cc3d8beb6af377f6703d9dc2d9fb3874fd667ee9",
                "sha256:c37c5cce780349d4d51739ae682dec63573847a2a8dcb44381b174c3d9c8d403",
                "sha256:c971bf3786b5fad82ce5ad570dc6ee420f5b12527157929e830f51c55dc8af77",
                "sha256:d1fde0f44029e02d02d3993ad55ce93ead9bb9b15c6b7ccd580f90bd7e3de476",
                "sha256:d24b8bb40d5c61ef2d9b6a8f4528c2f17f1c5d2d31fed62ec860f6006142e83e",
                "sha256:d5ba88df9aa5e2f806650fcbeedbe4f6e8736e92fc0e73b0400538fd25a4dd96",
                "sha256:d6f76310355e9fae637c3162936e9504b4767d5c52ca268331e2756e54fd4ca5",
                "sha256:d737fc67b9a970f3234754974531dc9afeea11c70791dcb7db53b0cf81b79784",
                "sha256:da22885266bbfb3f78218dc40205fed2671909fbd0720aedba39b4515c038091",
                "sha256:da37dcfbf4b7f45d80ee386a5f81122501ec75672f475da34784196690762f4b",
                "sha256:db19d60d846283ee275d0416e2a23493f4e6b6028825b51290ac05afc87a6f97",
                "sha256:db4c979b0b3e0fa7e9e69ecd11b2b3174c6963cebadeecfb7ad24532ffcdd11a",
                "sha256:e164e0a98e92d06da343d17d4e9c4da4654f4a4588a20d6c73548a29f176abe2",
                "sha256:e168a7560b7c61342ae0412997b069753f27ac4862ec7867eff74f0fe4ea2ad9",
                "sha256:e381581b37db1db7597b62a2e6b8b57c3deec95d93b6d6407c5b61ddc98aca6d",
                "sha256:e65bc19919c910127c06759a63747ebe14f386cda573d95bcc62b427ca1afc73",
                "sha256:e7b8813be97cab8cb52b1375f41f8e6804f6507fe4660152e8ca5c48f0436017",
                "sha256:e8a78079d9a39ca9ca99a8b0ac2fdc0c4d25fc80c8a8a82e5c8211509c523363",
                "sha256:ebf909ea0a3fc9596e40d55d8000702a85e27fd578ff41a5500f68f20fd32e6c",
                "sha256:ec40170327d4a404b0d91855d41bfe1fe4b699222b2b93e3d833a27330a87a6d",
                "sha256:f178d2aadf0166be4df834c4953da2d7eef24719e8aec9a65289483eeea9d618",
                "sha256:f88df3a83cf9df566f171adba39d5bd52814ac0b94778d2448652fc77f9eb491",
                "sha256:f973157ffeab5459eefe7b97a804987876dd0a55570b8fa56b4e1954bf11329b",
                "sha256:ff25f48fc8e623d95eca0670b8cc1469a83783c924a602e0fbd47363bb54aaca"
            ],
            "index": "pypi",
            "markers": "python_version >= '3.6'",
            "version": "==3.8.3"
        },
        "aiosignal": {
            "hashes": [
                "sha256:54cd96e15e1649b75d6c87526a6ff0b6c1b0dd3459f43d9ca11d48c339b68cfc",
                "sha256:f8376fb07dd1e86a584e4fcdec80b36b7f81aac666ebc724e2c090300dd83b17"
            ],
            "markers": "python_version >= '3.7'",
            "version": "==1.3.1"
        },
        "asgiref": {
            "hashes": [
                "sha256:3e1e3ecc849832fe52ccf2cb6686b7a55f82bb1d6aee72a58826471390335e47",
                "sha256:c343bd80a0bec947a9860adb4c432ffa7db769836c64238fc34bdc3fec84d590"
            ],
            "markers": "python_version >= '3.8'",
            "version": "==3.8.1"
        },
        "async-timeout": {
            "hashes": [
                "sha256:4640d96be84d82d02ed59ea2b7105a0f7b33abe8703703cd0ab0bf87c427522f",
                "sha256:7405140ff1230c310e51dc27b3145b9092d659ce68ff733fb0cefe3ee42be028"
            ],
            "markers": "python_version >= '3.7'",
            "version": "==4.0.3"
        },
        "attrs": {
            "hashes": [
                "sha256:935dc3b529c262f6cf76e50877d35a4bd3c1de194fd41f47a2b7ae8f19971f30",
                "sha256:99b87a485a5820b23b879f04c2305b44b951b502fd64be915879d77a7e8fc6f1"
            ],
            "markers": "python_version >= '3.7'",
            "version": "==23.2.0"
        },
        "charset-normalizer": {
            "hashes": [
                "sha256:5a3d016c7c547f69d6f81fb0db9449ce888b418b5b9952cc5e6e66843e9dd845",
                "sha256:83e9a75d1911279afd89352c68b45348559d1fc0506b054b346651b5e7fee29f"
            ],
            "markers": "python_full_version >= '3.6.0'",
            "version": "==2.1.1"
        },
        "click": {
            "hashes": [
                "sha256:6a7a62563bbfabfda3a38f3023a1db4a35978c0abd76f6c9605ecd6554d6d9b1",
                "sha256:8458d7b1287c5fb128c90e23381cf99dcde74beaf6c7ff6384ce84d6fe090adb"
            ],
            "index": "pypi",
            "markers": "python_version >= '3.6'",
            "version": "==8.0.4"
        },
        "colorama": {
            "hashes": [
                "sha256:08695f5cb7ed6e0531a20572697297273c47b8cae5a63ffc6d6ed5c201be6e44",
                "sha256:4f1d9991f5acc0ca119f9d443620b77f9d6b33703e51011c16baf57afb285fc6"
            ],
            "markers": "platform_system == 'Windows'",
            "version": "==0.4.6"
        },
        "contextvars": {
            "hashes": [
                "sha256:f38c908aaa59c14335eeea12abea5f443646216c4e29380d7bf34d2018e2c39e"
            ],
            "index": "pypi",
            "version": "==2.4"
        },
        "django": {
            "hashes": [
                "sha256:45a747e1c5b3d6df1b141b1481e193b033fd1fdbda3ff52677dc81afdaacbaed",
                "sha256:f7c7852a5ac5a3da5a8d5b35cc6168f31b605971441798dac845f17ca8028039"
            ],
            "index": "pypi",
            "markers": "python_version >= '3.8'",
            "version": "==4.2.3"
        },
        "frozenlist": {
            "hashes": [
                "sha256:04ced3e6a46b4cfffe20f9ae482818e34eba9b5fb0ce4056e4cc9b6e212d09b7",
                "sha256:0633c8d5337cb5c77acbccc6357ac49a1770b8c487e5b3505c57b949b4b82e98",
                "sha256:068b63f23b17df8569b7fdca5517edef76171cf3897eb68beb01341131fbd2ad",
                "sha256:0c250a29735d4f15321007fb02865f0e6b6a41a6b88f1f523ca1596ab5f50bd5",
                "sha256:1979bc0aeb89b33b588c51c54ab0161791149f2461ea7c7c946d95d5f93b56ae",
                "sha256:1a4471094e146b6790f61b98616ab8e44f72661879cc63fa1049d13ef711e71e",
                "sha256:1b280e6507ea8a4fa0c0a7150b4e526a8d113989e28eaaef946cc77ffd7efc0a",
                "sha256:1d0ce09d36d53bbbe566fe296965b23b961764c0bcf3ce2fa45f463745c04701",
                "sha256:20b51fa3f588ff2fe658663db52a41a4f7aa6c04f6201449c6c7c476bd255c0d",
                "sha256:23b2d7679b73fe0e5a4560b672a39f98dfc6f60df63823b0a9970525325b95f6",
                "sha256:23b701e65c7b36e4bf15546a89279bd4d8675faabc287d06bbcfac7d3c33e1e6",
                "sha256:2471c201b70d58a0f0c1f91261542a03d9a5e088ed3dc6c160d614c01649c106",
                "sha256:27657df69e8801be6c3638054e202a135c7f299267f1a55ed3a598934f6c0d75",
                "sha256:29acab3f66f0f24674b7dc4736477bcd4bc3ad4b896f5f45379a67bce8b96868",
                "sha256:32453c1de775c889eb4e22f1197fe3bdfe457d16476ea407472b9442e6295f7a",
                "sha256:3a670dc61eb0d0eb7080890c13de3066790f9049b47b0de04007090807c776b0",
                "sha256:3e0153a805a98f5ada7e09826255ba99fb4f7524bb81bf6b47fb702666484ae1",
                "sha256:410478a0c562d1a5bcc2f7ea448359fcb050ed48b3c6f6f4f18c313a9bdb1826",
                "sha256:442acde1e068288a4ba7acfe05f5f343e19fac87bfc96d89eb886b0363e977ec",
                "sha256:48f6a4533887e189dae092f1cf981f2e3885175f7a0f33c91fb5b7b682b6bab6",
                "sha256:4f57dab5fe3407b6c0c1cc907ac98e8a189f9e418f3b6e54d65a718aaafe3950",
                "sha256:4f9c515e7914626b2a2e1e311794b4c35720a0be87af52b79ff8e1429fc25f19",
                "sha256:55fdc093b5a3cb41d420884cdaf37a1e74c3c37a31f46e66286d9145d2063bd0",
                "sha256:5667ed53d68d91920defdf4035d1cdaa3c3121dc0b113255124bcfada1cfa1b8",
                "sha256:590344787a90ae57d62511dd7c736ed56b428f04cd8c161fcc5e7232c130c69a",
                "sha256:5a7d70357e7cee13f470c7883a063aae5fe209a493c57d86eb7f5a6f910fae09",
                "sha256:5c3894db91f5a489fc8fa6a9991820f368f0b3cbdb9cd8849547ccfab3392d86",
                "sha256:5c849d495bf5154cd8da18a9eb15db127d4dba2968d88831aff6f0331ea9bd4c",
                "sha256:64536573d0a2cb6e625cf309984e2d873979709f2cf22839bf2d61790b448ad5",
                "sha256:693945278a31f2086d9bf3df0fe8254bbeaef1fe71e1351c3bd730aa7d31c41b",
                "sha256:6db4667b187a6742b33afbbaf05a7bc551ffcf1ced0000a571aedbb4aa42fc7b",
                "sha256:6eb73fa5426ea69ee0e012fb59cdc76a15b1283d6e32e4f8dc4482ec67d1194d",
                "sha256:722e1124aec435320ae01ee3ac7bec11a5d47f25d0ed6328f2273d287bc3abb0",
                "sha256:7268252af60904bf52c26173cbadc3a071cece75f873705419c8681f24d3edea",
                "sha256:74fb4bee6880b529a0c6560885fce4dc95936920f9f20f53d99a213f7bf66776",
                "sha256:780d3a35680ced9ce682fbcf4cb9c2bad3136eeff760ab33707b71db84664e3a",
                "sha256:82e8211d69a4f4bc360ea22cd6555f8e61a1bd211d1d5d39d3d228b48c83a897",
                "sha256:89aa2c2eeb20957be2d950b85974b30a01a762f3308cd02bb15e1ad632e22dc7",
                "sha256:8aefbba5f69d42246543407ed2461db31006b0f76c4e32dfd6f42215a2c41d09",
                "sha256:96ec70beabbd3b10e8bfe52616a13561e58fe84c0101dd031dc78f250d5128b9",
                "sha256:9750cc7fe1ae3b1611bb8cfc3f9ec11d532244235d75901fb6b8e42ce9229dfe",
                "sha256:9acbb16f06fe7f52f441bb6f413ebae6c37baa6ef9edd49cdd567216da8600cd",
                "sha256:9d3e0c25a2350080e9319724dede4f31f43a6c9779be48021a7f4ebde8b2d742",
                "sha256:a06339f38e9ed3a64e4c4e43aec7f59084033647f908e4259d279a52d3757d09",
                "sha256:a0cb6f11204443f27a1628b0e460f37fb30f624be6051d490fa7d7e26d4af3d0",
                "sha256:a7496bfe1da7fb1a4e1cc23bb67c58fab69311cc7d32b5a99c2007b4b2a0e932",
                "sha256:a828c57f00f729620a442881cc60e57cfcec6842ba38e1b19fd3e47ac0ff8dc1",
                "sha256:a9b2de4cf0cdd5bd2dee4c4f63a653c61d2408055ab77b151c1957f221cabf2a",
                "sha256:b46c8ae3a8f1f41a0d2ef350c0b6e65822d80772fe46b653ab6b6274f61d4a49",
                "sha256:b7e3ed87d4138356775346e6845cccbe66cd9e207f3cd11d2f0b9fd13681359d",
                "sha256:b7f2f9f912dca3934c1baec2e4585a674ef16fe00218d833856408c48d5beee7",
                "sha256:ba60bb19387e13597fb059f32cd4d59445d7b18b69a745b8f8e5db0346f33480",
                "sha256:beee944ae828747fd7cb216a70f120767fc9f4f00bacae8543c14a6831673f89",
                "sha256:bfa4a17e17ce9abf47a74ae02f32d014c5e9404b6d9ac7f729e01562bbee601e",
                "sha256:c037a86e8513059a2613aaba4d817bb90b9d9b6b69aace3ce9c877e8c8ed402b",
                "sha256:c302220494f5c1ebeb0912ea782bcd5e2f8308037b3c7553fad0e48ebad6ad82",
                "sha256:c6321c9efe29975232da3bd0af0ad216800a47e93d763ce64f291917a381b8eb",
                "sha256:c757a9dd70d72b076d6f68efdbb9bc943665ae954dad2801b874c8c69e185068",
                "sha256:c99169d4ff810155ca50b4da3b075cbde79752443117d89429595c2e8e37fed8",
                "sha256:c9c92be9fd329ac801cc420e08452b70e7aeab94ea4233a4804f0915c14eba9b",
                "sha256:cc7b01b3754ea68a62bd77ce6020afaffb44a590c2289089289363472d13aedb",
                "sha256:db9e724bebd621d9beca794f2a4ff1d26eed5965b004a97f1f1685a173b869c2",
                "sha256:dca69045298ce5c11fd539682cff879cc1e664c245d1c64da929813e54241d11",
                "sha256:dd9b1baec094d91bf36ec729445f7769d0d0cf6b64d04d86e45baf89e2b9059b",
                "sha256:e02a0e11cf6597299b9f3bbd3f93d79217cb90cfd1411aec33848b13f5c656cc",
                "sha256:e6a20a581f9ce92d389a8c7d7c3dd47c81fd5d6e655c8dddf341e14aa48659d0",
                "sha256:e7004be74cbb7d9f34553a5ce5fb08be14fb33bc86f332fb71cbe5216362a497",
                "sha256:e774d53b1a477a67838a904131c4b0eef6b3d8a651f8b138b04f748fccfefe17",
                "sha256:edb678da49d9f72c9f6c609fbe41a5dfb9a9282f9e6a2253d5a91e0fc382d7c0",
                "sha256:f146e0911cb2f1da549fc58fc7bcd2b836a44b79ef871980d605ec392ff6b0d2",
                "sha256:f56e2333dda1fe0f909e7cc59f021eba0d2307bc6f012a1ccf2beca6ba362439",
                "sha256:f9a3ea26252bd92f570600098783d1371354d89d5f6b7dfd87359d669f2109b5",
                "sha256:f9aa1878d1083b276b0196f2dfbe00c9b7e752475ed3b682025ff20c1c1f51ac",
                "sha256:fb3c2db03683b5767dedb5769b8a40ebb47d6f7f45b1b3e3b4b51ec8ad9d9825",
                "sha256:fbeb989b5cc29e8daf7f976b421c220f1b8c731cbf22b9130d8815418ea45887",
                "sha256:fde5bd59ab5357e3853313127f4d3565fc7dad314a74d7b5d43c22c6a5ed2ced",
                "sha256:fe1a06da377e3a1062ae5fe0926e12b84eceb8a50b350ddca72dc85015873f74"
            ],
            "markers": "python_version >= '3.8'",
            "version": "==1.4.1"
        },
        "gunicorn": {
            "hashes": [
                "sha256:9dcc4547dbb1cb284accfb15ab5667a0e5d1881cc443e0677b4882a4067a807e",
                "sha256:e0a968b5ba15f8a328fdfd7ab1fcb5af4470c28aaf7e55df02a99bc13138e6e8"
            ],
            "index": "pypi",
            "markers": "python_version >= '3.5'",
            "version": "==20.1.0"
        },
        "idna": {
            "hashes": [
                "sha256:028ff3aadf0609c1fd278d8ea3089299412a7a8b9bd005dd08b9f8285bcb5cfc",
                "sha256:82fee1fc78add43492d3a1898bfa6d8a904cc97d8427f683ed8e798d07761aa0"
            ],
            "markers": "python_version >= '3.5'",
            "version": "==3.7"
        },
        "immutables": {
            "hashes": [
                "sha256:085ac48ee3eef7baf070f181cae574489bbf65930a83ec5bbd65c9940d625db3",
                "sha256:1009a4e00e2e69a9b40c2f1272795f5a06ad72c9bf4638594d518e9cbd7a721a",
                "sha256:1d2f83e6a6a8455466cd97b9a90e2b4f7864648616dfa6b19d18f49badac3876",
                "sha256:2761e3dc2a6406943ce77b3505e9b3c1187846de65d7247548dc7edaa202fcba",
                "sha256:2837b1078abc66d9f009bee9085cf62515d5516af9a5c9ea2751847e16efd236",
                "sha256:2bcea81e7516bd823b4ed16f4f794531097888675be13e833b1cc946370d5237",
                "sha256:2dd0dcef2f8d4523d34dbe1d2b7804b3d2a51fddbd104aad13f506a838a2ea15",
                "sha256:380e2957ba3d63422b2f3fbbff0547c7bbe6479d611d3635c6411005a4264525",
                "sha256:393dde58ffd6b4c089ffdf4cef5fe73dad37ce4681acffade5f5d5935ec23c93",
                "sha256:47f56aea56e597ecf6631f24a4e26007b6a5f4fe30278b96eb90bc1f60506164",
                "sha256:4ba726b7a3a696b9d4b122fa2c956bc68e866f3df1b92765060c88c64410ff82",
                "sha256:525fb361bd7edc8a891633928d549713af8090c79c25af5cc06eb90b48cb3c64",
                "sha256:5302ce9c7827f8300f3dc34a695abb71e4a32bab09e65e5ad6e454785383347f",
                "sha256:532be32c7a25dae6cade28825c76d3004cf4d166a0bfacf04bda16056d59ba26",
                "sha256:5a88adf1dcc9d8ab07dba5e74deefcd5b5e38bc677815cbf9365dc43b69f1f08",
                "sha256:5bb32aee1ea16fbb90f58f8bd96016bca87aba0a8e574e5fa218d0d83b142851",
                "sha256:62f8a7a22939278127b7a206d05679b268b9cf665437125625348e902617cbad",
                "sha256:65954eb861c61af48debb1507518d45ae7d594b4fba7282785a70b48c5f51f9b",
                "sha256:83794712f0507416f2818edc63f84305358b8656a93e5b9e2ab056d9803c7507",
                "sha256:85dd9765b068f7beb297553fddfcf7f904bd58a184c520830a106a58f0c9bfb4",
                "sha256:96899994842c37cf4b9d6d2bedf685aae7810bd73f1538f8cba5426e2d65cb85",
                "sha256:9cd2ee9c10bf00be3c94eb51854bc0b761326bd0a7ea0dad4272a3f182269ae6",
                "sha256:a606410b2ccb6ae339c3f26cccc9a92bcb16dc06f935d51edfd8ca68cf687e50",
                "sha256:a82afc3945e9ceb9bcd416dc4ed9b72f92760c42787e26de50610a8b81d48120",
                "sha256:ac86f4372f4cfaa00206c12472fd3a78753092279e0552b7e1880944d71b04fe",
                "sha256:b0436cc831b47e26bef637bcf143cf0273e49946cfb7c28c44486d70513a3080",
                "sha256:b51aec54b571ae466113509d4dc79a2808dc2ae9263b71fd6b37778cb49eb292",
                "sha256:c086ccb44d9d3824b9bf816365d10b1b82837efc7119f8bab56bd7a27ed805a9",
                "sha256:c1214b5a175df783662b7de94b4a82db55cc0ee206dd072fa9e279fb8895d8df",
                "sha256:cc51a01a64a6d2cd7db210a49ad010c2ac2e9e026745f23fd31e0784096dcfff",
                "sha256:d4f78cb748261f852953620ed991de74972446fd484ec69377a41e2f1a1beb75",
                "sha256:d6449186ea91b7c17ec8e7bd9bf059858298b1db5c053f5d27de8eba077578ce",
                "sha256:d828e7580f1fa203ddeab0b5e91f44bf95706e7f283ca9fbbcf0ae08f63d3084",
                "sha256:dea0ae4d7f31b145c18c16badeebc2f039d09411be4a8febb86e1244cf7f1ce0",
                "sha256:e3a5462f6d3549bbf7d02ce929fb0cb6df9539445f0589105de4e8b99b906e69",
                "sha256:e771198edc11a9e02ffa693911b3918c6cde0b64ad2e6672b076dbe005557ad8",
                "sha256:e8e82754f72823085643a2c0e6a4c489b806613e94af205825fa81df2ba147a0",
                "sha256:f063f53b5c0e8f541ae381f1d828f3d05bbed766a2d6c817f9218b8b37a4cb66",
                "sha256:f17f25f21e82a1c349a61191cfb13e442a348b880b74cb01b00e0d1e848b63f4",
                "sha256:f349a7e0327b92dcefb863e49ace086f2f26e6689a4e022c98720c6e9696e763",
                "sha256:fc739fc07cff5df2e4f31addbd48660b5ac0da56e9f719f8bb45da8ddd632c63"
            ],
            "markers": "python_full_version >= '3.8.0'",
            "version": "==0.20"
        },
        "jinja2": {
            "hashes": [
                "sha256:2f2de5285cf37f33d33ecd4a9080b75c87cd0c1994d5a9c6df17131ea1f049c6",
                "sha256:ea8d7dd814ce9df6de6a761ec7f1cac98afe305b8cdc4aaae4e114b8d8ce24c5"
            ],
            "index": "pypi",
            "markers": "python_version >= '3.6'",
            "version": "==3.0.0"
        },
        "markupsafe": {
            "hashes": [
                "sha256:00e046b6dd71aa03a41079792f8473dc494d564611a8f89bbbd7cb93295ebdcf",
                "sha256:075202fa5b72c86ad32dc7d0b56024ebdbcf2048c0ba09f1cde31bfdd57bcfff",
                "sha256:0e397ac966fdf721b2c528cf028494e86172b4feba51d65f81ffd65c63798f3f",
                "sha256:17b950fccb810b3293638215058e432159d2b71005c74371d784862b7e4683f3",
                "sha256:1f3fbcb7ef1f16e48246f704ab79d79da8a46891e2da03f8783a5b6fa41a9532",
                "sha256:2174c595a0d73a3080ca3257b40096db99799265e1c27cc5a610743acd86d62f",
                "sha256:2b7c57a4dfc4f16f7142221afe5ba4e093e09e728ca65c51f5620c9aaeb9a617",
                "sha256:2d2d793e36e230fd32babe143b04cec8a8b3eb8a3122d2aceb4a371e6b09b8df",
                "sha256:30b600cf0a7ac9234b2638fbc0fb6158ba5bdcdf46aeb631ead21248b9affbc4",
                "sha256:397081c1a0bfb5124355710fe79478cdbeb39626492b15d399526ae53422b906",
                "sha256:3a57fdd7ce31c7ff06cdfbf31dafa96cc533c21e443d57f5b1ecc6cdc668ec7f",
                "sha256:3c6b973f22eb18a789b1460b4b91bf04ae3f0c4234a0a6aa6b0a92f6f7b951d4",
                "sha256:3e53af139f8579a6d5f7b76549125f0d94d7e630761a2111bc431fd820e163b8",
                "sha256:4096e9de5c6fdf43fb4f04c26fb114f61ef0bf2e5604b6ee3019d51b69e8c371",
                "sha256:4275d846e41ecefa46e2015117a9f491e57a71ddd59bbead77e904dc02b1bed2",
                "sha256:4c31f53cdae6ecfa91a77820e8b151dba54ab528ba65dfd235c80b086d68a465",
                "sha256:4f11aa001c540f62c6166c7726f71f7573b52c68c31f014c25cc7901deea0b52",
                "sha256:5049256f536511ee3f7e1b3f87d1d1209d327e818e6ae1365e8653d7e3abb6a6",
                "sha256:58c98fee265677f63a4385256a6d7683ab1832f3ddd1e66fe948d5880c21a169",
                "sha256:598e3276b64aff0e7b3451b72e94fa3c238d452e7ddcd893c3ab324717456bad",
                "sha256:5b7b716f97b52c5a14bffdf688f971b2d5ef4029127f1ad7a513973cfd818df2",
                "sha256:5dedb4db619ba5a2787a94d877bc8ffc0566f92a01c0ef214865e54ecc9ee5e0",
                "sha256:619bc166c4f2de5caa5a633b8b7326fbe98e0ccbfacabd87268a2b15ff73a029",
                "sha256:629ddd2ca402ae6dbedfceeba9c46d5f7b2a61d9749597d4307f943ef198fc1f",
                "sha256:656f7526c69fac7f600bd1f400991cc282b417d17539a1b228617081106feb4a",
                "sha256:6ec585f69cec0aa07d945b20805be741395e28ac1627333b1c5b0105962ffced",
                "sha256:72b6be590cc35924b02c78ef34b467da4ba07e4e0f0454a2c5907f473fc50ce5",
                "sha256:7502934a33b54030eaf1194c21c692a534196063db72176b0c4028e140f8f32c",
                "sha256:7a68b554d356a91cce1236aa7682dc01df0edba8d043fd1ce607c49dd3c1edcf",
                "sha256:7b2e5a267c855eea6b4283940daa6e88a285f5f2a67f2220203786dfa59b37e9",
                "sha256:823b65d8706e32ad2df51ed89496147a42a2a6e01c13cfb6ffb8b1e92bc910bb",
                "sha256:8590b4ae07a35970728874632fed7bd57b26b0102df2d2b233b6d9d82f6c62ad",
                "sha256:8dd717634f5a044f860435c1d8c16a270ddf0ef8588d4887037c5028b859b0c3",
                "sha256:8dec4936e9c3100156f8a2dc89c4b88d5c435175ff03413b443469c7c8c5f4d1",
                "sha256:97cafb1f3cbcd3fd2b6fbfb99ae11cdb14deea0736fc2b0952ee177f2b813a46",
                "sha256:a17a92de5231666cfbe003f0e4b9b3a7ae3afb1ec2845aadc2bacc93ff85febc",
                "sha256:a549b9c31bec33820e885335b451286e2969a2d9e24879f83fe904a5ce59d70a",
                "sha256:ac07bad82163452a6884fe8fa0963fb98c2346ba78d779ec06bd7a6262132aee",
                "sha256:ae2ad8ae6ebee9d2d94b17fb62763125f3f374c25618198f40cbb8b525411900",
                "sha256:b91c037585eba9095565a3556f611e3cbfaa42ca1e865f7b8015fe5c7336d5a5",
                "sha256:bc1667f8b83f48511b94671e0e441401371dfd0f0a795c7daa4a3cd1dde55bea",
                "sha256:bec0a414d016ac1a18862a519e54b2fd0fc8bbfd6890376898a6c0891dd82e9f",
                "sha256:bf50cd79a75d181c9181df03572cdce0fbb75cc353bc350712073108cba98de5",
                "sha256:bff1b4290a66b490a2f4719358c0cdcd9bafb6b8f061e45c7a2460866bf50c2e",
                "sha256:c061bb86a71b42465156a3ee7bd58c8c2ceacdbeb95d05a99893e08b8467359a",
                "sha256:c8b29db45f8fe46ad280a7294f5c3ec36dbac9491f2d1c17345be8e69cc5928f",
                "sha256:ce409136744f6521e39fd8e2a24c53fa18ad67aa5bc7c2cf83645cce5b5c4e50",
                "sha256:d050b3361367a06d752db6ead6e7edeb0009be66bc3bae0ee9d97fb326badc2a",
                "sha256:d283d37a890ba4c1ae73ffadf8046435c76e7bc2247bbb63c00bd1a709c6544b",
                "sha256:d9fad5155d72433c921b782e58892377c44bd6252b5af2f67f16b194987338a4",
                "sha256:daa4ee5a243f0f20d528d939d06670a298dd39b1ad5f8a72a4275124a7819eff",
                "sha256:db0b55e0f3cc0be60c1f19efdde9a637c32740486004f20d1cff53c3c0ece4d2",
                "sha256:e61659ba32cf2cf1481e575d0462554625196a1f2fc06a1c777d3f48e8865d46",
                "sha256:ea3d8a3d18833cf4304cd2fc9cbb1efe188ca9b5efef2bdac7adc20594a0e46b",
                "sha256:ec6a563cff360b50eed26f13adc43e61bc0c04d94b8be985e6fb24b81f6dcfdf",
                "sha256:f5dfb42c4604dddc8e4305050aa6deb084540643ed5804d7455b5df8fe16f5e5",
                "sha256:fa173ec60341d6bb97a89f5ea19c85c5643c1e7dedebc22f5181eb73573142c5",
                "sha256:fa9db3f79de01457b03d4f01b34cf91bc0048eb2c3846ff26f66687c2f6d16ab",
                "sha256:fce659a462a1be54d2ffcacea5e3ba2d74daa74f30f5f143fe0c58636e355fdd",
                "sha256:ffee1f21e5ef0d712f9033568f8344d5da8cc2869dbd08d87c84656e6a2d2f68"
            ],
            "markers": "python_version >= '3.7'",
            "version": "==2.1.5"
        },
        "multidict": {
            "hashes": [
                "sha256:0573239b5241a075b944b39bdf87fb6600e3a56ad5ca6d2ba9699d62de872309",
                "sha256:085b1f55327b4c8c425ce96a7fdfd6a6a1e864444a90d2107f47de4c53b6edea",
                "sha256:1ee14a2e7bef872ddac61450e6128aae21304b5165d21fd04681faa3261a7b2e",
                "sha256:2c1791371a973d93facccc38adf9e9c14656bf85c2beddd48329134d139b6e7f",
                "sha256:2cda0064cab0e2d46b02aeee9e218066993b40d4900b07d8360f54c80eed4c5c",
                "sha256:3574eef3ceb983658c3c8bef0c1b3771a2dea338b3822a0c2bec03363f1dc8bb",
                "sha256:3864b26cdb1c7454809ec12fb0998989b8832ebb8423aa69ff3a1ad82b9756f3",
                "sha256:3e6f7161ea60795f33b21e91b5c9fa66a3dd416f949684ade8ba8a9b193f7e50",
                "sha256:3fa7944194cc96319cbbd53a1e0fb6dfe1e437efb75117828c35ce5b30d9d0c9",
                "sha256:470ddec7a3ae052862af73dd39a1b1c582a1ec397f8643f09658de56a0a84ac9",
                "sha256:5cb1a5926fe898451688036b5e95863c6e75110c98810584695b2403cb04522f",
                "sha256:754ed617ecb736261ee3595b4a5dc035bcb5e897ce0a0148252aa8cbc2e59e60",
                "sha256:79879c5c0434840d6ac5246e53d22e18c7f5b87419abb968e6357ba65386993a",
                "sha256:7db4a72fa35bbe9ccaf3c856b14d89e26e8de5ca0c31604ac5970a3746182f5a",
                "sha256:839676a86dbadf4a0be32ca580292c764245044eae324ebfc55362c13886d5d6",
                "sha256:8805d8eec8437f9d2b3fd5c09822ef259af08ece0a19f41d2ad8d322a7a67054",
                "sha256:8cbb4725aad6dc38cca571dab803f53ed76fc5cc468088636b42b539719aa5f9",
                "sha256:9137d7e3db47641aa86526b60dd3d50d2066617668f8617f0c16adf92dfbaa9e",
                "sha256:a6d985c3ccc1fca18cfd415406047f0984e3b07f533d50aa91c36eadb46681a9",
                "sha256:af381425a02e0a235b23a685cda2d94cd0679ed8257d8a54c5f03ff2eee1fbb7",
                "sha256:b7399dfd7f977c419d6e2b08d1099afe00f51454eb2ecc6b067c9eba6efb0a34",
                "sha256:b8204fe2cb7199ecd568e67268a49d87f031c294e46d6fdf17bd1e544bcb81ba",
                "sha256:ba973fd954f3de8e47e4be43f530729dd7e894615d3734a1b23f4de14f883142",
                "sha256:c00b1423d09a73c94553f80ea52dc8c4341beae448bd4468a603263040debb17",
                "sha256:ca4fab7f9590b7fa6c5dcde16356726f254456a2bb33d98828d896ba57a5eda1",
                "sha256:dcb97bf0efa02a067f2a42c457dfa1548d8bc8913c12f96e26460709bc8a2ae5",
                "sha256:e7d1f2671bd62064da2c7d6318c4f9307889cb85c59e00b2d1a66c2ed3bae3eb",
                "sha256:ed8a1c22cbf6b0840e8b8a436bc378164a0474580968f38a0eeec8ed7cb78b75",
                "sha256:f3826e28328455f62e8de193fb4ab5349ad78da693f1e002fd90d249a0cfaa8b"
            ],
            "index": "pypi",
            "markers": "python_full_version >= '3.4.1'",
            "version": "==4.5.0"
        },
        "pillow": {
            "hashes": [
                "sha256:00e65f5e822decd501e374b0650146063fbb30a7264b4d2744bdd7b913e0cab5",
                "sha256:040586f7d37b34547153fa383f7f9aed68b738992380ac911447bb78f2abe530",
                "sha256:0b6eb5502f45a60a3f411c63187db83a3d3107887ad0d036c13ce836f8a36f1d",
                "sha256:1ce91b6ec08d866b14413d3f0bbdea7e24dfdc8e59f562bb77bc3fe60b6144ca",
                "sha256:1f62406a884ae75fb2f818694469519fb685cc7eaff05d3451a9ebe55c646891",
                "sha256:22c10cc517668d44b211717fd9775799ccec4124b9a7f7b3635fc5386e584992",
                "sha256:3400aae60685b06bb96f99a21e1ada7bc7a413d5f49bce739828ecd9391bb8f7",
                "sha256:349930d6e9c685c089284b013478d6f76e3a534e36ddfa912cde493f235372f3",
                "sha256:368ab3dfb5f49e312231b6f27b8820c823652b7cd29cfbd34090565a015e99ba",
                "sha256:38250a349b6b390ee6047a62c086d3817ac69022c127f8a5dc058c31ccef17f3",
                "sha256:3a684105f7c32488f7153905a4e3015a3b6c7182e106fe3c37fbb5ef3e6994c3",
                "sha256:3a82c40d706d9aa9734289740ce26460a11aeec2d9c79b7af87bb35f0073c12f",
                "sha256:3b08d4cc24f471b2c8ca24ec060abf4bebc6b144cb89cba638c720546b1cf538",
                "sha256:3ed64f9ca2f0a95411e88a4efbd7a29e5ce2cea36072c53dd9d26d9c76f753b3",
                "sha256:3f07ea8d2f827d7d2a49ecf1639ec02d75ffd1b88dcc5b3a61bbb37a8759ad8d",
                "sha256:520f2a520dc040512699f20fa1c363eed506e94248d71f85412b625026f6142c",
                "sha256:5c6e3df6bdd396749bafd45314871b3d0af81ff935b2d188385e970052091017",
                "sha256:608bfdee0d57cf297d32bcbb3c728dc1da0907519d1784962c5f0c68bb93e5a3",
                "sha256:685ac03cc4ed5ebc15ad5c23bc555d68a87777586d970c2c3e216619a5476223",
                "sha256:76de421f9c326da8f43d690110f0e79fe3ad1e54be811545d7d91898b4c8493e",
                "sha256:76edb0a1fa2b4745fb0c99fb9fb98f8b180a1bbceb8be49b087e0b21867e77d3",
                "sha256:7be600823e4c8631b74e4a0d38384c73f680e6105a7d3c6824fcf226c178c7e6",
                "sha256:81ff539a12457809666fef6624684c008e00ff6bf455b4b89fd00a140eecd640",
                "sha256:88af2003543cc40c80f6fca01411892ec52b11021b3dc22ec3bc9d5afd1c5334",
                "sha256:8c11160913e3dd06c8ffdb5f233a4f254cb449f4dfc0f8f4549eda9e542c93d1",
                "sha256:8f8182b523b2289f7c415f589118228d30ac8c355baa2f3194ced084dac2dbba",
                "sha256:9211e7ad69d7c9401cfc0e23d49b69ca65ddd898976d660a2fa5904e3d7a9baa",
                "sha256:92be919bbc9f7d09f7ae343c38f5bb21c973d2576c1d45600fce4b74bafa7ac0",
                "sha256:9c82b5b3e043c7af0d95792d0d20ccf68f61a1fec6b3530e718b688422727396",
                "sha256:9f7c16705f44e0504a3a2a14197c1f0b32a95731d251777dcb060aa83022cb2d",
                "sha256:9fb218c8a12e51d7ead2a7c9e101a04982237d4855716af2e9499306728fb485",
                "sha256:a74ba0c356aaa3bb8e3eb79606a87669e7ec6444be352870623025d75a14a2bf",
                "sha256:b4f69b3700201b80bb82c3a97d5e9254084f6dd5fb5b16fc1a7b974260f89f43",
                "sha256:bc2ec7c7b5d66b8ec9ce9f720dbb5fa4bace0f545acd34870eff4a369b44bf37",
                "sha256:c189af0545965fa8d3b9613cfdb0cd37f9d71349e0f7750e1fd704648d475ed2",
                "sha256:c1fbe7621c167ecaa38ad29643d77a9ce7311583761abf7836e1510c580bf3dd",
                "sha256:c7cf14a27b0d6adfaebb3ae4153f1e516df54e47e42dcc073d7b3d76111a8d86",
                "sha256:c9f72a021fbb792ce98306ffb0c348b3c9cb967dce0f12a49aa4c3d3fdefa967",
                "sha256:cd25d2a9d2b36fcb318882481367956d2cf91329f6892fe5d385c346c0649629",
                "sha256:ce543ed15570eedbb85df19b0a1a7314a9c8141a36ce089c0a894adbfccb4568",
                "sha256:ce7b031a6fc11365970e6a5686d7ba8c63e4c1cf1ea143811acbb524295eabed",
                "sha256:d35e3c8d9b1268cbf5d3670285feb3528f6680420eafe35cccc686b73c1e330f",
                "sha256:d50b6aec14bc737742ca96e85d6d0a5f9bfbded018264b3b70ff9d8c33485551",
                "sha256:d5d0dae4cfd56969d23d94dc8e89fb6a217be461c69090768227beb8ed28c0a3",
                "sha256:d5db32e2a6ccbb3d34d87c87b432959e0db29755727afb37290e10f6e8e62614",
                "sha256:d72e2ecc68a942e8cf9739619b7f408cc7b272b279b56b2c83c6123fcfa5cdff",
                "sha256:d737a602fbd82afd892ca746392401b634e278cb65d55c4b7a8f48e9ef8d008d",
                "sha256:d80cf684b541685fccdd84c485b31ce73fc5c9b5d7523bf1394ce134a60c6883",
                "sha256:db24668940f82321e746773a4bc617bfac06ec831e5c88b643f91f122a785684",
                "sha256:dbc02381779d412145331789b40cc7b11fdf449e5d94f6bc0b080db0a56ea3f0",
                "sha256:dffe31a7f47b603318c609f378ebcd57f1554a3a6a8effbc59c3c69f804296de",
                "sha256:edf4392b77bdc81f36e92d3a07a5cd072f90253197f4a52a55a8cec48a12483b",
                "sha256:efe8c0681042536e0d06c11f48cebe759707c9e9abf880ee213541c5b46c5bf3",
                "sha256:f31f9fdbfecb042d046f9d91270a0ba28368a723302786c0009ee9b9f1f60199",
                "sha256:f88a0b92277de8e3ca715a0d79d68dc82807457dae3ab8699c758f07c20b3c51",
                "sha256:faaf07ea35355b01a35cb442dd950d8f1bb5b040a7787791a535de13db15ed90"
            ],
            "index": "pypi",
            "markers": "python_version >= '3.8'",
            "version": "==10.0.0"
        },
        "setuptools": {
            "hashes": [
                "sha256:54faa7f2e8d2d11bcd2c07bed282eef1046b5c080d1c32add737d7b5817b1ad4",
                "sha256:f211a66637b8fa059bb28183da127d4e86396c991a942b028c6650d4319c3fd0"
            ],
            "markers": "python_version >= '3.8'",
            "version": "==70.0.0"
        },
        "sqlparse": {
            "hashes": [
                "sha256:714d0a4932c059d16189f58ef5411ec2287a4360f17cdd0edd2d09d4c5087c93",
                "sha256:c204494cd97479d0e39f28c93d46c0b2d5959c7b9ab904762ea6c7af211c8663"
            ],
            "markers": "python_version >= '3.8'",
            "version": "==0.5.0"
        },
        "typing-extensions": {
            "hashes": [
                "sha256:6657594ee297170d19f67d55c05852a874e7eb634f4f753dbd667855e07c1708",
                "sha256:f1c24655a0da0d1b67f07e17a5e6b2a105894e6824b92096378bb3668ef02376"
            ],
            "index": "pypi",
            "markers": "python_version >= '3.7'",
            "version": "==4.2.0"
        },
        "tzdata": {
            "hashes": [
                "sha256:2674120f8d891909751c38abcdfd386ac0a5a1127954fbc332af6b5ceae07efd",
                "sha256:9068bc196136463f5245e51efda838afa15aaeca9903f49050dfa2679db4d252"
            ],
            "markers": "sys_platform == 'win32'",
            "version": "==2024.1"
        },
        "yarl": {
            "hashes": [
                "sha256:008d3e808d03ef28542372d01057fd09168419cdc8f848efe2804f894ae03e51",
                "sha256:03caa9507d3d3c83bca08650678e25364e1843b484f19986a527630ca376ecce",
                "sha256:07574b007ee20e5c375a8fe4a0789fad26db905f9813be0f9fef5a68080de559",
                "sha256:09efe4615ada057ba2d30df871d2f668af661e971dfeedf0c159927d48bbeff0",
                "sha256:0d2454f0aef65ea81037759be5ca9947539667eecebca092733b2eb43c965a81",
                "sha256:0e9d124c191d5b881060a9e5060627694c3bdd1fe24c5eecc8d5d7d0eb6faabc",
                "sha256:18580f672e44ce1238b82f7fb87d727c4a131f3a9d33a5e0e82b793362bf18b4",
                "sha256:1f23e4fe1e8794f74b6027d7cf19dc25f8b63af1483d91d595d4a07eca1fb26c",
                "sha256:206a55215e6d05dbc6c98ce598a59e6fbd0c493e2de4ea6cc2f4934d5a18d130",
                "sha256:23d32a2594cb5d565d358a92e151315d1b2268bc10f4610d098f96b147370136",
                "sha256:26a1dc6285e03f3cc9e839a2da83bcbf31dcb0d004c72d0730e755b33466c30e",
                "sha256:29e0f83f37610f173eb7e7b5562dd71467993495e568e708d99e9d1944f561ec",
                "sha256:2b134fd795e2322b7684155b7855cc99409d10b2e408056db2b93b51a52accc7",
                "sha256:2d47552b6e52c3319fede1b60b3de120fe83bde9b7bddad11a69fb0af7db32f1",
                "sha256:357495293086c5b6d34ca9616a43d329317feab7917518bc97a08f9e55648455",
                "sha256:35a2b9396879ce32754bd457d31a51ff0a9d426fd9e0e3c33394bf4b9036b099",
                "sha256:3777ce5536d17989c91696db1d459574e9a9bd37660ea7ee4d3344579bb6f129",
                "sha256:3986b6f41ad22988e53d5778f91855dc0399b043fc8946d4f2e68af22ee9ff10",
                "sha256:44d8ffbb9c06e5a7f529f38f53eda23e50d1ed33c6c869e01481d3fafa6b8142",
                "sha256:49a180c2e0743d5d6e0b4d1a9e5f633c62eca3f8a86ba5dd3c471060e352ca98",
                "sha256:4aa9741085f635934f3a2583e16fcf62ba835719a8b2b28fb2917bb0537c1dfa",
                "sha256:4b21516d181cd77ebd06ce160ef8cc2a5e9ad35fb1c5930882baff5ac865eee7",
                "sha256:4b3c1ffe10069f655ea2d731808e76e0f452fc6c749bea04781daf18e6039525",
                "sha256:4c7d56b293cc071e82532f70adcbd8b61909eec973ae9d2d1f9b233f3d943f2c",
                "sha256:4e9035df8d0880b2f1c7f5031f33f69e071dfe72ee9310cfc76f7b605958ceb9",
                "sha256:54525ae423d7b7a8ee81ba189f131054defdb122cde31ff17477951464c1691c",
                "sha256:549d19c84c55d11687ddbd47eeb348a89df9cb30e1993f1b128f4685cd0ebbf8",
                "sha256:54beabb809ffcacbd9d28ac57b0db46e42a6e341a030293fb3185c409e626b8b",
                "sha256:566db86717cf8080b99b58b083b773a908ae40f06681e87e589a976faf8246bf",
                "sha256:5a2e2433eb9344a163aced6a5f6c9222c0786e5a9e9cac2c89f0b28433f56e23",
                "sha256:5aef935237d60a51a62b86249839b51345f47564208c6ee615ed2a40878dccdd",
                "sha256:604f31d97fa493083ea21bd9b92c419012531c4e17ea6da0f65cacdcf5d0bd27",
                "sha256:63b20738b5aac74e239622d2fe30df4fca4942a86e31bf47a81a0e94c14df94f",
                "sha256:686a0c2f85f83463272ddffd4deb5e591c98aac1897d65e92319f729c320eece",
                "sha256:6a962e04b8f91f8c4e5917e518d17958e3bdee71fd1d8b88cdce74dd0ebbf434",
                "sha256:6ad6d10ed9b67a382b45f29ea028f92d25bc0bc1daf6c5b801b90b5aa70fb9ec",
                "sha256:6f5cb257bc2ec58f437da2b37a8cd48f666db96d47b8a3115c29f316313654ff",
                "sha256:6fe79f998a4052d79e1c30eeb7d6c1c1056ad33300f682465e1b4e9b5a188b78",
                "sha256:7855426dfbddac81896b6e533ebefc0af2f132d4a47340cee6d22cac7190022d",
                "sha256:7d5aaac37d19b2904bb9dfe12cdb08c8443e7ba7d2852894ad448d4b8f442863",
                "sha256:801e9264d19643548651b9db361ce3287176671fb0117f96b5ac0ee1c3530d53",
                "sha256:81eb57278deb6098a5b62e88ad8281b2ba09f2f1147c4767522353eaa6260b31",
                "sha256:824d6c50492add5da9374875ce72db7a0733b29c2394890aef23d533106e2b15",
                "sha256:8397a3817d7dcdd14bb266283cd1d6fc7264a48c186b986f32e86d86d35fbac5",
                "sha256:848cd2a1df56ddbffeb375535fb62c9d1645dde33ca4d51341378b3f5954429b",
                "sha256:84fc30f71689d7fc9168b92788abc977dc8cefa806909565fc2951d02f6b7d57",
                "sha256:8619d6915b3b0b34420cf9b2bb6d81ef59d984cb0fde7544e9ece32b4b3043c3",
                "sha256:8a854227cf581330ffa2c4824d96e52ee621dd571078a252c25e3a3b3d94a1b1",
                "sha256:8be9e837ea9113676e5754b43b940b50cce76d9ed7d2461df1af39a8ee674d9f",
                "sha256:928cecb0ef9d5a7946eb6ff58417ad2fe9375762382f1bf5c55e61645f2c43ad",
                "sha256:957b4774373cf6f709359e5c8c4a0af9f6d7875db657adb0feaf8d6cb3c3964c",
                "sha256:992f18e0ea248ee03b5a6e8b3b4738850ae7dbb172cc41c966462801cbf62cf7",
                "sha256:9fc5fc1eeb029757349ad26bbc5880557389a03fa6ada41703db5e068881e5f2",
                "sha256:a00862fb23195b6b8322f7d781b0dc1d82cb3bcac346d1e38689370cc1cc398b",
                "sha256:a3a6ed1d525bfb91b3fc9b690c5a21bb52de28c018530ad85093cc488bee2dd2",
                "sha256:a6327976c7c2f4ee6816eff196e25385ccc02cb81427952414a64811037bbc8b",
                "sha256:a7409f968456111140c1c95301cadf071bd30a81cbd7ab829169fb9e3d72eae9",
                "sha256:a825ec844298c791fd28ed14ed1bffc56a98d15b8c58a20e0e08c1f5f2bea1be",
                "sha256:a8c1df72eb746f4136fe9a2e72b0c9dc1da1cbd23b5372f94b5820ff8ae30e0e",
                "sha256:a9bd00dc3bc395a662900f33f74feb3e757429e545d831eef5bb280252631984",
                "sha256:aa102d6d280a5455ad6a0f9e6d769989638718e938a6a0a2ff3f4a7ff8c62cc4",
                "sha256:aaaea1e536f98754a6e5c56091baa1b6ce2f2700cc4a00b0d49eca8dea471074",
                "sha256:ad4d7a90a92e528aadf4965d685c17dacff3df282db1121136c382dc0b6014d2",
                "sha256:b8477c1ee4bd47c57d49621a062121c3023609f7a13b8a46953eb6c9716ca392",
                "sha256:ba6f52cbc7809cd8d74604cce9c14868306ae4aa0282016b641c661f981a6e91",
                "sha256:bac8d525a8dbc2a1507ec731d2867025d11ceadcb4dd421423a5d42c56818541",
                "sha256:bef596fdaa8f26e3d66af846bbe77057237cb6e8efff8cd7cc8dff9a62278bbf",
                "sha256:c0ec0ed476f77db9fb29bca17f0a8fcc7bc97ad4c6c1d8959c507decb22e8572",
                "sha256:c38c9ddb6103ceae4e4498f9c08fac9b590c5c71b0370f98714768e22ac6fa66",
                "sha256:c7224cab95645c7ab53791022ae77a4509472613e839dab722a72abe5a684575",
                "sha256:c74018551e31269d56fab81a728f683667e7c28c04e807ba08f8c9e3bba32f14",
                "sha256:ca06675212f94e7a610e85ca36948bb8fc023e458dd6c63ef71abfd482481aa5",
                "sha256:d1d2532b340b692880261c15aee4dc94dd22ca5d61b9db9a8a361953d36410b1",
                "sha256:d25039a474c4c72a5ad4b52495056f843a7ff07b632c1b92ea9043a3d9950f6e",
                "sha256:d5ff2c858f5f6a42c2a8e751100f237c5e869cbde669a724f2062d4c4ef93551",
                "sha256:d7d7f7de27b8944f1fee2c26a88b4dabc2409d2fea7a9ed3df79b67277644e17",
                "sha256:d7eeb6d22331e2fd42fce928a81c697c9ee2d51400bd1a28803965883e13cead",
                "sha256:d8a1c6c0be645c745a081c192e747c5de06e944a0d21245f4cf7c05e457c36e0",
                "sha256:d8b889777de69897406c9fb0b76cdf2fd0f31267861ae7501d93003d55f54fbe",
                "sha256:d9e09c9d74f4566e905a0b8fa668c58109f7624db96a2171f21747abc7524234",
                "sha256:db8e58b9d79200c76956cefd14d5c90af54416ff5353c5bfd7cbe58818e26ef0",
                "sha256:ddb2a5c08a4eaaba605340fdee8fc08e406c56617566d9643ad8bf6852778fc7",
                "sha256:e0381b4ce23ff92f8170080c97678040fc5b08da85e9e292292aba67fdac6c34",
                "sha256:e23a6d84d9d1738dbc6e38167776107e63307dfc8ad108e580548d1f2c587f42",
                "sha256:e516dc8baf7b380e6c1c26792610230f37147bb754d6426462ab115a02944385",
                "sha256:ea65804b5dc88dacd4a40279af0cdadcfe74b3e5b4c897aa0d81cf86927fee78",
                "sha256:ec61d826d80fc293ed46c9dd26995921e3a82146feacd952ef0757236fc137be",
                "sha256:ee04010f26d5102399bd17f8df8bc38dc7ccd7701dc77f4a68c5b8d733406958",
                "sha256:f3bc6af6e2b8f92eced34ef6a96ffb248e863af20ef4fde9448cc8c9b858b749",
                "sha256:f7d6b36dd2e029b6bcb8a13cf19664c7b8e19ab3a58e0fefbb5b8461447ed5ec"
            ],
            "markers": "python_version >= '3.7'",
            "version": "==1.9.4"
        }
    },
    "develop": {}
}
